
Microsoft Visual Studio Solution File, Format Version 12.00
# Visual Studio 15
VisualStudioVersion = 15.0.27428.2037
MinimumVisualStudioVersion = 10.0.40219.1
Project("{8BC9CEB8-8B4A-11D0-8D11-00A0C91BC942}") = "TestEngine", "TestEngine\TestEngine.vcxproj", "{9260EE14-BA1D-4A15-8F47-3D968A9FA479}"
EndProject
Global
	GlobalSection(SolutionConfigurationPlatforms) = preSolution
		Debug|x64 = Debug|x64
		Debug|x86 = Debug|x86
		Release|x64 = Release|x64
		Release|x86 = Release|x86
	EndGlobalSection
	GlobalSection(ProjectConfigurationPlatforms) = postSolution
		{9260EE14-BA1D-4A15-8F47-3D968A9FA479}.Debug|x64.ActiveCfg = Debug|x64
		{9260EE14-BA1D-4A15-8F47-3D968A9FA479}.Debug|x64.Build.0 = Debug|x64
		{9260EE14-BA1D-4A15-8F47-3D968A9FA479}.Debug|x86.ActiveCfg = Debug|Win32
		{9260EE14-BA1D-4A15-8F47-3D968A9FA479}.Debug|x86.Build.0 = Debug|Win32
		{9260EE14-BA1D-4A15-8F47-3D968A9FA479}.Release|x64.ActiveCfg = Release|x64
		{9260EE14-BA1D-4A15-8F47-3D968A9FA479}.Release|x64.Build.0 = Release|x64
		{9260EE14-BA1D-4A15-8F47-3D968A9FA479}.Release|x86.ActiveCfg = Release|Win32
		{9260EE14-BA1D-4A15-8F47-3D968A9FA479}.Release|x86.Build.0 = Release|Win32
	EndGlobalSection
	GlobalSection(SolutionProperties) = preSolution
		HideSolutionNode = FALSE
	EndGlobalSection
	GlobalSection(ExtensibilityGlobals) = postSolution
		SolutionGuid = {A3BF61B3-7CA2-4A59-877B-B8D6BE4519D1}
	EndGlobalSection
EndGlobal
